<Solution>
  <Configurations>
    <Platform Name="x64" />
    <Platform Name="x86" />
  </Configurations>
  <Project Path="AOC25/AOC25.vcxproj" Id="08b24b83-96a7-46cd-a5b2-eeae8c7b44ca" />
  <Project Path="Day2/Day2.vcxproj" Id="46962c10-732c-4c34-bdf6-f149693a6b53" />
  <Project Path="Day3/Day3.vcxproj" Id="218742d2-d3c5-428a-98ca-2dfaf7dc22f0" />
  <Project Path="Day4/Day4.vcxproj" Id="f8230183-dfdd-4be9-99b0-46c5d4f1131f" />
  <Project Path="Day5/Day5.vcxproj" Id="ca69738b-e8ce-4253-b827-8f58a7b00a57" />
  <Project Path="Day6/Day6.vcxproj" Id="8ee5fc00-08f6-4376-a9a0-1201a0334e23" />
  <Project Path="Day7/Day7.vcxproj" Id="5d7addea-fb11-40e0-af59-1a7cacfe4f77" />
</Solution>
